
Microsoft Visual Studio Solution File, Format Version 12.00
# Visual Studio 14
VisualStudioVersion = 14.0.25420.1
MinimumVisualStudioVersion = 10.0.40219.1
Project("{FAE04EC0-301F-11D3-BF4B-00C04F79EFBC}") = "OrganizadorMaterias.Android", "OrganizadorMaterias\OrganizadorMaterias.Android\OrganizadorMaterias.Android.csproj", "{C11EBE57-109D-4DA4-A9E1-FC90294ABE13}"
EndProject
Project("{FAE04EC0-301F-11D3-BF4B-00C04F79EFBC}") = "OrganizadorMaterias", "OrganizadorMaterias\OrganizadorMaterias\OrganizadorMaterias.csproj", "{9AA69915-92B4-439B-B130-891EEF55D842}"
EndProject
Project("{FAE04EC0-301F-11D3-BF4B-00C04F79EFBC}") = "OrganizadorMaterias.UWP", "OrganizadorMaterias\OrganizadorMaterias.UWP\OrganizadorMaterias.UWP.csproj", "{AEEF60EC-9212-4F59-991F-2F2073422EE5}"
EndProject
Global
	GlobalSection(SolutionConfigurationPlatforms) = preSolution
		Ad-Hoc|Any CPU = Ad-Hoc|Any CPU
		Ad-Hoc|ARM = Ad-Hoc|ARM
		Ad-Hoc|iPhone = Ad-Hoc|iPhone
		Ad-Hoc|iPhoneSimulator = Ad-Hoc|iPhoneSimulator
		Ad-Hoc|x64 = Ad-Hoc|x64
		Ad-Hoc|x86 = Ad-Hoc|x86
		AppStore|Any CPU = AppStore|Any CPU
		AppStore|ARM = AppStore|ARM
		AppStore|iPhone = AppStore|iPhone
		AppStore|iPhoneSimulator = AppStore|iPhoneSimulator
		AppStore|x64 = AppStore|x64
		AppStore|x86 = AppStore|x86
		Debug|Any CPU = Debug|Any CPU
		Debug|ARM = Debug|ARM
		Debug|iPhone = Debug|iPhone
		Debug|iPhoneSimulator = Debug|iPhoneSimulator
		Debug|x64 = Debug|x64
		Debug|x86 = Debug|x86
		Release|Any CPU = Release|Any CPU
		Release|ARM = Release|ARM
		Release|iPhone = Release|iPhone
		Release|iPhoneSimulator = Release|iPhoneSimulator
		Release|x64 = Release|x64
		Release|x86 = Release|x86
	EndGlobalSection
	GlobalSection(ProjectConfigurationPlatforms) = postSolution
		{C11EBE57-109D-4DA4-A9E1-FC90294ABE13}.Ad-Hoc|Any CPU.ActiveCfg = Release|Any CPU
		{C11EBE57-109D-4DA4-A9E1-FC90294ABE13}.Ad-Hoc|Any CPU.Build.0 = Release|Any CPU
		{C11EBE57-109D-4DA4-A9E1-FC90294ABE13}.Ad-Hoc|Any CPU.Deploy.0 = Release|Any CPU
		{C11EBE57-109D-4DA4-A9E1-FC90294ABE13}.Ad-Hoc|ARM.ActiveCfg = Release|Any CPU
		{C11EBE57-109D-4DA4-A9E1-FC90294ABE13}.Ad-Hoc|ARM.Build.0 = Release|Any CPU
		{C11EBE57-109D-4DA4-A9E1-FC90294ABE13}.Ad-Hoc|ARM.Deploy.0 = Release|Any CPU
		{C11EBE57-109D-4DA4-A9E1-FC90294ABE13}.Ad-Hoc|iPhone.ActiveCfg = Release|Any CPU
		{C11EBE57-109D-4DA4-A9E1-FC90294ABE13}.Ad-Hoc|iPhone.Build.0 = Release|Any CPU
		{C11EBE57-109D-4DA4-A9E1-FC90294ABE13}.Ad-Hoc|iPhone.Deploy.0 = Release|Any CPU
		{C11EBE57-109D-4DA4-A9E1-FC90294ABE13}.Ad-Hoc|iPhoneSimulator.ActiveCfg = Release|Any CPU
		{C11EBE57-109D-4DA4-A9E1-FC90294ABE13}.Ad-Hoc|iPhoneSimulator.Build.0 = Release|Any CPU
		{C11EBE57-109D-4DA4-A9E1-FC90294ABE13}.Ad-Hoc|iPhoneSimulator.Deploy.0 = Release|Any CPU
		{C11EBE57-109D-4DA4-A9E1-FC90294ABE13}.Ad-Hoc|x64.ActiveCfg = Release|Any CPU
		{C11EBE57-109D-4DA4-A9E1-FC90294ABE13}.Ad-Hoc|x64.Build.0 = Release|Any CPU
		{C11EBE57-109D-4DA4-A9E1-FC90294ABE13}.Ad-Hoc|x64.Deploy.0 = Release|Any CPU
		{C11EBE57-109D-4DA4-A9E1-FC90294ABE13}.Ad-Hoc|x86.ActiveCfg = Release|Any CPU
		{C11EBE57-109D-4DA4-A9E1-FC90294ABE13}.Ad-Hoc|x86.Build.0 = Release|Any CPU
		{C11EBE57-109D-4DA4-A9E1-FC90294ABE13}.Ad-Hoc|x86.Deploy.0 = Release|Any CPU
		{C11EBE57-109D-4DA4-A9E1-FC90294ABE13}.AppStore|Any CPU.ActiveCfg = Release|Any CPU
		{C11EBE57-109D-4DA4-A9E1-FC90294ABE13}.AppStore|Any CPU.Build.0 = Release|Any CPU
		{C11EBE57-109D-4DA4-A9E1-FC90294ABE13}.AppStore|Any CPU.Deploy.0 = Release|Any CPU
		{C11EBE57-109D-4DA4-A9E1-FC90294ABE13}.AppStore|ARM.ActiveCfg = Release|Any CPU
		{C11EBE57-109D-4DA4-A9E1-FC90294ABE13}.AppStore|ARM.Build.0 = Release|Any CPU
		{C11EBE57-109D-4DA4-A9E1-FC90294ABE13}.AppStore|ARM.Deploy.0 = Release|Any CPU
		{C11EBE57-109D-4DA4-A9E1-FC90294ABE13}.AppStore|iPhone.ActiveCfg = Release|Any CPU
		{C11EBE57-109D-4DA4-A9E1-FC90294ABE13}.AppStore|iPhone.Build.0 = Release|Any CPU
		{C11EBE57-109D-4DA4-A9E1-FC90294ABE13}.AppStore|iPhone.Deploy.0 = Release|Any CPU
		{C11EBE57-109D-4DA4-A9E1-FC90294ABE13}.AppStore|iPhoneSimulator.ActiveCfg = Release|Any CPU
		{C11EBE57-109D-4DA4-A9E1-FC90294ABE13}.AppStore|iPhoneSimulator.Build.0 = Release|Any CPU
		{C11EBE57-109D-4DA4-A9E1-FC90294ABE13}.AppStore|iPhoneSimulator.Deploy.0 = Release|Any CPU
		{C11EBE57-109D-4DA4-A9E1-FC90294ABE13}.AppStore|x64.ActiveCfg = Release|Any CPU
		{C11EBE57-109D-4DA4-A9E1-FC90294ABE13}.AppStore|x64.Build.0 = Release|Any CPU
		{C11EBE57-109D-4DA4-A9E1-FC90294ABE13}.AppStore|x64.Deploy.0 = Release|Any CPU
		{C11EBE57-109D-4DA4-A9E1-FC90294ABE13}.AppStore|x86.ActiveCfg = Release|Any CPU
		{C11EBE57-109D-4DA4-A9E1-FC90294ABE13}.AppStore|x86.Build.0 = Release|Any CPU
		{C11EBE57-109D-4DA4-A9E1-FC90294ABE13}.AppStore|x86.Deploy.0 = Release|Any CPU
		{C11EBE57-109D-4DA4-A9E1-FC90294ABE13}.Debug|Any CPU.ActiveCfg = Debug|Any CPU
		{C11EBE57-109D-4DA4-A9E1-FC90294ABE13}.Debug|Any CPU.Build.0 = Debug|Any CPU
		{C11EBE57-109D-4DA4-A9E1-FC90294ABE13}.Debug|Any CPU.Deploy.0 = Debug|Any CPU
		{C11EBE57-109D-4DA4-A9E1-FC90294ABE13}.Debug|ARM.ActiveCfg = Debug|Any CPU
		{C11EBE57-109D-4DA4-A9E1-FC90294ABE13}.Debug|ARM.Build.0 = Debug|Any CPU
		{C11EBE57-109D-4DA4-A9E1-FC90294ABE13}.Debug|ARM.Deploy.0 = Debug|Any CPU
		{C11EBE57-109D-4DA4-A9E1-FC90294ABE13}.Debug|iPhone.ActiveCfg = Debug|Any CPU
		{C11EBE57-109D-4DA4-A9E1-FC90294ABE13}.Debug|iPhone.Build.0 = Debug|Any CPU
		{C11EBE57-109D-4DA4-A9E1-FC90294ABE13}.Debug|iPhone.Deploy.0 = Debug|Any CPU
		{C11EBE57-109D-4DA4-A9E1-FC90294ABE13}.Debug|iPhoneSimulator.ActiveCfg = Debug|Any CPU
		{C11EBE57-109D-4DA4-A9E1-FC90294ABE13}.Debug|iPhoneSimulator.Build.0 = Debug|Any CPU
		{C11EBE57-109D-4DA4-A9E1-FC90294ABE13}.Debug|iPhoneSimulator.Deploy.0 = Debug|Any CPU
		{C11EBE57-109D-4DA4-A9E1-FC90294ABE13}.Debug|x64.ActiveCfg = Debug|Any CPU
		{C11EBE57-109D-4DA4-A9E1-FC90294ABE13}.Debug|x64.Build.0 = Debug|Any CPU
		{C11EBE57-109D-4DA4-A9E1-FC90294ABE13}.Debug|x64.Deploy.0 = Debug|Any CPU
		{C11EBE57-109D-4DA4-A9E1-FC90294ABE13}.Debug|x86.ActiveCfg = Debug|Any CPU
		{C11EBE57-109D-4DA4-A9E1-FC90294ABE13}.Debug|x86.Build.0 = Debug|Any CPU
		{C11EBE57-109D-4DA4-A9E1-FC90294ABE13}.Debug|x86.Deploy.0 = Debug|Any CPU
		{C11EBE57-109D-4DA4-A9E1-FC90294ABE13}.Release|Any CPU.ActiveCfg = Release|Any CPU
		{C11EBE57-109D-4DA4-A9E1-FC90294ABE13}.Release|Any CPU.Build.0 = Release|Any CPU
		{C11EBE57-109D-4DA4-A9E1-FC90294ABE13}.Release|Any CPU.Deploy.0 = Release|Any CPU
		{C11EBE57-109D-4DA4-A9E1-FC90294ABE13}.Release|ARM.ActiveCfg = Release|Any CPU
		{C11EBE57-109D-4DA4-A9E1-FC90294ABE13}.Release|ARM.Build.0 = Release|Any CPU
		{C11EBE57-109D-4DA4-A9E1-FC90294ABE13}.Release|ARM.Deploy.0 = Release|Any CPU
		{C11EBE57-109D-4DA4-A9E1-FC90294ABE13}.Release|iPhone.ActiveCfg = Release|Any CPU
		{C11EBE57-109D-4DA4-A9E1-FC90294ABE13}.Release|iPhone.Build.0 = Release|Any CPU
		{C11EBE57-109D-4DA4-A9E1-FC90294ABE13}.Release|iPhone.Deploy.0 = Release|Any CPU
		{C11EBE57-109D-4DA4-A9E1-FC90294ABE13}.Release|iPhoneSimulator.ActiveCfg = Release|Any CPU
		{C11EBE57-109D-4DA4-A9E1-FC90294ABE13}.Release|iPhoneSimulator.Build.0 = Release|Any CPU
		{C11EBE57-109D-4DA4-A9E1-FC90294ABE13}.Release|iPhoneSimulator.Deploy.0 = Release|Any CPU
		{C11EBE57-109D-4DA4-A9E1-FC90294ABE13}.Release|x64.ActiveCfg = Release|Any CPU
		{C11EBE57-109D-4DA4-A9E1-FC90294ABE13}.Release|x64.Build.0 = Release|Any CPU
		{C11EBE57-109D-4DA4-A9E1-FC90294ABE13}.Release|x64.Deploy.0 = Release|Any CPU
		{C11EBE57-109D-4DA4-A9E1-FC90294ABE13}.Release|x86.ActiveCfg = Release|Any CPU
		{C11EBE57-109D-4DA4-A9E1-FC90294ABE13}.Release|x86.Build.0 = Release|Any CPU
		{C11EBE57-109D-4DA4-A9E1-FC90294ABE13}.Release|x86.Deploy.0 = Release|Any CPU
		{9AA69915-92B4-439B-B130-891EEF55D842}.Ad-Hoc|Any CPU.ActiveCfg = Release|Any CPU
		{9AA69915-92B4-439B-B130-891EEF55D842}.Ad-Hoc|Any CPU.Build.0 = Release|Any CPU
		{9AA69915-92B4-439B-B130-891EEF55D842}.Ad-Hoc|ARM.ActiveCfg = Release|Any CPU
		{9AA69915-92B4-439B-B130-891EEF55D842}.Ad-Hoc|ARM.Build.0 = Release|Any CPU
		{9AA69915-92B4-439B-B130-891EEF55D842}.Ad-Hoc|iPhone.ActiveCfg = Release|Any CPU
		{9AA69915-92B4-439B-B130-891EEF55D842}.Ad-Hoc|iPhone.Build.0 = Release|Any CPU
		{9AA69915-92B4-439B-B130-891EEF55D842}.Ad-Hoc|iPhoneSimulator.ActiveCfg = Release|Any CPU
		{9AA69915-92B4-439B-B130-891EEF55D842}.Ad-Hoc|iPhoneSimulator.Build.0 = Release|Any CPU
		{9AA69915-92B4-439B-B130-891EEF55D842}.Ad-Hoc|x64.ActiveCfg = Release|Any CPU
		{9AA69915-92B4-439B-B130-891EEF55D842}.Ad-Hoc|x64.Build.0 = Release|Any CPU
		{9AA69915-92B4-439B-B130-891EEF55D842}.Ad-Hoc|x86.ActiveCfg = Release|Any CPU
		{9AA69915-92B4-439B-B130-891EEF55D842}.Ad-Hoc|x86.Build.0 = Release|Any CPU
		{9AA69915-92B4-439B-B130-891EEF55D842}.AppStore|Any CPU.ActiveCfg = Release|Any CPU
		{9AA69915-92B4-439B-B130-891EEF55D842}.AppStore|Any CPU.Build.0 = Release|Any CPU
		{9AA69915-92B4-439B-B130-891EEF55D842}.AppStore|ARM.ActiveCfg = Release|Any CPU
		{9AA69915-92B4-439B-B130-891EEF55D842}.AppStore|ARM.Build.0 = Release|Any CPU
		{9AA69915-92B4-439B-B130-891EEF55D842}.AppStore|iPhone.ActiveCfg = Release|Any CPU
		{9AA69915-92B4-439B-B130-891EEF55D842}.AppStore|iPhone.Build.0 = Release|Any CPU
		{9AA69915-92B4-439B-B130-891EEF55D842}.AppStore|iPhoneSimulator.ActiveCfg = Release|Any CPU
		{9AA69915-92B4-439B-B130-891EEF55D842}.AppStore|iPhoneSimulator.Build.0 = Release|Any CPU
		{9AA69915-92B4-439B-B130-891EEF55D842}.AppStore|x64.ActiveCfg = Release|Any CPU
		{9AA69915-92B4-439B-B130-891EEF55D842}.AppStore|x64.Build.0 = Release|Any CPU
		{9AA69915-92B4-439B-B130-891EEF55D842}.AppStore|x86.ActiveCfg = Release|Any CPU
		{9AA69915-92B4-439B-B130-891EEF55D842}.AppStore|x86.Build.0 = Release|Any CPU
		{9AA69915-92B4-439B-B130-891EEF55D842}.Debug|Any CPU.ActiveCfg = Debug|Any CPU
		{9AA69915-92B4-439B-B130-891EEF55D842}.Debug|Any CPU.Build.0 = Debug|Any CPU
		{9AA69915-92B4-439B-B130-891EEF55D842}.Debug|ARM.ActiveCfg = Debug|Any CPU
		{9AA69915-92B4-439B-B130-891EEF55D842}.Debug|ARM.Build.0 = Debug|Any CPU
		{9AA69915-92B4-439B-B130-891EEF55D842}.Debug|iPhone.ActiveCfg = Debug|Any CPU
		{9AA69915-92B4-439B-B130-891EEF55D842}.Debug|iPhone.Build.0 = Debug|Any CPU
		{9AA69915-92B4-439B-B130-891EEF55D842}.Debug|iPhoneSimulator.ActiveCfg = Debug|Any CPU
		{9AA69915-92B4-439B-B130-891EEF55D842}.Debug|iPhoneSimulator.Build.0 = Debug|Any CPU
		{9AA69915-92B4-439B-B130-891EEF55D842}.Debug|x64.ActiveCfg = Debug|Any CPU
		{9AA69915-92B4-439B-B130-891EEF55D842}.Debug|x64.Build.0 = Debug|Any CPU
		{9AA69915-92B4-439B-B130-891EEF55D842}.Debug|x86.ActiveCfg = Debug|Any CPU
		{9AA69915-92B4-439B-B130-891EEF55D842}.Debug|x86.Build.0 = Debug|Any CPU
		{9AA69915-92B4-439B-B130-891EEF55D842}.Release|Any CPU.ActiveCfg = Release|Any CPU
		{9AA69915-92B4-439B-B130-891EEF55D842}.Release|Any CPU.Build.0 = Release|Any CPU
		{9AA69915-92B4-439B-B130-891EEF55D842}.Release|ARM.ActiveCfg = Release|Any CPU
		{9AA69915-92B4-439B-B130-891EEF55D842}.Release|ARM.Build.0 = Release|Any CPU
		{9AA69915-92B4-439B-B130-891EEF55D842}.Release|iPhone.ActiveCfg = Release|Any CPU
		{9AA69915-92B4-439B-B130-891EEF55D842}.Release|iPhone.Build.0 = Release|Any CPU
		{9AA69915-92B4-439B-B130-891EEF55D842}.Release|iPhoneSimulator.ActiveCfg = Release|Any CPU
		{9AA69915-92B4-439B-B130-891EEF55D842}.Release|iPhoneSimulator.Build.0 = Release|Any CPU
		{9AA69915-92B4-439B-B130-891EEF55D842}.Release|x64.ActiveCfg = Release|Any CPU
		{9AA69915-92B4-439B-B130-891EEF55D842}.Release|x64.Build.0 = Release|Any CPU
		{9AA69915-92B4-439B-B130-891EEF55D842}.Release|x86.ActiveCfg = Release|Any CPU
		{9AA69915-92B4-439B-B130-891EEF55D842}.Release|x86.Build.0 = Release|Any CPU
		{AEEF60EC-9212-4F59-991F-2F2073422EE5}.Ad-Hoc|Any CPU.ActiveCfg = Release|x86
		{AEEF60EC-9212-4F59-991F-2F2073422EE5}.Ad-Hoc|Any CPU.Build.0 = Release|x86
		{AEEF60EC-9212-4F59-991F-2F2073422EE5}.Ad-Hoc|Any CPU.Deploy.0 = Release|x86
		{AEEF60EC-9212-4F59-991F-2F2073422EE5}.Ad-Hoc|ARM.ActiveCfg = Release|ARM
		{AEEF60EC-9212-4F59-991F-2F2073422EE5}.Ad-Hoc|ARM.Build.0 = Release|ARM
		{AEEF60EC-9212-4F59-991F-2F2073422EE5}.Ad-Hoc|ARM.Deploy.0 = Release|ARM
		{AEEF60EC-9212-4F59-991F-2F2073422EE5}.Ad-Hoc|iPhone.ActiveCfg = Release|x86
		{AEEF60EC-9212-4F59-991F-2F2073422EE5}.Ad-Hoc|iPhone.Build.0 = Release|x86
		{AEEF60EC-9212-4F59-991F-2F2073422EE5}.Ad-Hoc|iPhone.Deploy.0 = Release|x86
		{AEEF60EC-9212-4F59-991F-2F2073422EE5}.Ad-Hoc|iPhoneSimulator.ActiveCfg = Release|x86
		{AEEF60EC-9212-4F59-991F-2F2073422EE5}.Ad-Hoc|iPhoneSimulator.Build.0 = Release|x86
		{AEEF60EC-9212-4F59-991F-2F2073422EE5}.Ad-Hoc|iPhoneSimulator.Deploy.0 = Release|x86
		{AEEF60EC-9212-4F59-991F-2F2073422EE5}.Ad-Hoc|x64.ActiveCfg = Release|x64
		{AEEF60EC-9212-4F59-991F-2F2073422EE5}.Ad-Hoc|x64.Build.0 = Release|x64
		{AEEF60EC-9212-4F59-991F-2F2073422EE5}.Ad-Hoc|x64.Deploy.0 = Release|x64
		{AEEF60EC-9212-4F59-991F-2F2073422EE5}.Ad-Hoc|x86.ActiveCfg = Release|x86
		{AEEF60EC-9212-4F59-991F-2F2073422EE5}.Ad-Hoc|x86.Build.0 = Release|x86
		{AEEF60EC-9212-4F59-991F-2F2073422EE5}.Ad-Hoc|x86.Deploy.0 = Release|x86
		{AEEF60EC-9212-4F59-991F-2F2073422EE5}.AppStore|Any CPU.ActiveCfg = Release|x86
		{AEEF60EC-9212-4F59-991F-2F2073422EE5}.AppStore|Any CPU.Build.0 = Release|x86
		{AEEF60EC-9212-4F59-991F-2F2073422EE5}.AppStore|Any CPU.Deploy.0 = Release|x86
		{AEEF60EC-9212-4F59-991F-2F2073422EE5}.AppStore|ARM.ActiveCfg = Release|ARM
		{AEEF60EC-9212-4F59-991F-2F2073422EE5}.AppStore|ARM.Build.0 = Release|ARM
		{AEEF60EC-9212-4F59-991F-2F2073422EE5}.AppStore|ARM.Deploy.0 = Release|ARM
		{AEEF60EC-9212-4F59-991F-2F2073422EE5}.AppStore|iPhone.ActiveCfg = Release|x86
		{AEEF60EC-9212-4F59-991F-2F2073422EE5}.AppStore|iPhone.Build.0 = Release|x86
		{AEEF60EC-9212-4F59-991F-2F2073422EE5}.AppStore|iPhone.Deploy.0 = Release|x86
		{AEEF60EC-9212-4F59-991F-2F2073422EE5}.AppStore|iPhoneSimulator.ActiveCfg = Release|x86
		{AEEF60EC-9212-4F59-991F-2F2073422EE5}.AppStore|iPhoneSimulator.Build.0 = Release|x86
		{AEEF60EC-9212-4F59-991F-2F2073422EE5}.AppStore|iPhoneSimulator.Deploy.0 = Release|x86
		{AEEF60EC-9212-4F59-991F-2F2073422EE5}.AppStore|x64.ActiveCfg = Release|x64
		{AEEF60EC-9212-4F59-991F-2F2073422EE5}.AppStore|x64.Build.0 = Release|x64
		{AEEF60EC-9212-4F59-991F-2F2073422EE5}.AppStore|x64.Deploy.0 = Release|x64
		{AEEF60EC-9212-4F59-991F-2F2073422EE5}.AppStore|x86.ActiveCfg = Release|x86
		{AEEF60EC-9212-4F59-991F-2F2073422EE5}.AppStore|x86.Build.0 = Release|x86
		{AEEF60EC-9212-4F59-991F-2F2073422EE5}.AppStore|x86.Deploy.0 = Release|x86
		{AEEF60EC-9212-4F59-991F-2F2073422EE5}.Debug|Any CPU.ActiveCfg = Debug|x86
		{AEEF60EC-9212-4F59-991F-2F2073422EE5}.Debug|ARM.ActiveCfg = Debug|ARM
		{AEEF60EC-9212-4F59-991F-2F2073422EE5}.Debug|ARM.Build.0 = Debug|ARM
		{AEEF60EC-9212-4F59-991F-2F2073422EE5}.Debug|ARM.Deploy.0 = Debug|ARM
		{AEEF60EC-9212-4F59-991F-2F2073422EE5}.Debug|iPhone.ActiveCfg = Debug|x86
		{AEEF60EC-9212-4F59-991F-2F2073422EE5}.Debug|iPhoneSimulator.ActiveCfg = Debug|x86
		{AEEF60EC-9212-4F59-991F-2F2073422EE5}.Debug|x64.ActiveCfg = Debug|x64
		{AEEF60EC-9212-4F59-991F-2F2073422EE5}.Debug|x64.Build.0 = Debug|x64
		{AEEF60EC-9212-4F59-991F-2F2073422EE5}.Debug|x64.Deploy.0 = Debug|x64
		{AEEF60EC-9212-4F59-991F-2F2073422EE5}.Debug|x86.ActiveCfg = Debug|x86
		{AEEF60EC-9212-4F59-991F-2F2073422EE5}.Debug|x86.Build.0 = Debug|x86
		{AEEF60EC-9212-4F59-991F-2F2073422EE5}.Debug|x86.Deploy.0 = Debug|x86
		{AEEF60EC-9212-4F59-991F-2F2073422EE5}.Release|Any CPU.ActiveCfg = Release|x86
		{AEEF60EC-9212-4F59-991F-2F2073422EE5}.Release|ARM.ActiveCfg = Release|ARM
		{AEEF60EC-9212-4F59-991F-2F2073422EE5}.Release|ARM.Build.0 = Release|ARM
		{AEEF60EC-9212-4F59-991F-2F2073422EE5}.Release|ARM.Deploy.0 = Release|ARM
		{AEEF60EC-9212-4F59-991F-2F2073422EE5}.Release|iPhone.ActiveCfg = Release|x86
		{AEEF60EC-9212-4F59-991F-2F2073422EE5}.Release|iPhoneSimulator.ActiveCfg = Release|x86
		{AEEF60EC-9212-4F59-991F-2F2073422EE5}.Release|x64.ActiveCfg = Release|x64
		{AEEF60EC-9212-4F59-991F-2F2073422EE5}.Release|x64.Build.0 = Release|x64
		{AEEF60EC-9212-4F59-991F-2F2073422EE5}.Release|x64.Deploy.0 = Release|x64
		{AEEF60EC-9212-4F59-991F-2F2073422EE5}.Release|x86.ActiveCfg = Release|x86
		{AEEF60EC-9212-4F59-991F-2F2073422EE5}.Release|x86.Build.0 = Release|x86
		{AEEF60EC-9212-4F59-991F-2F2073422EE5}.Release|x86.Deploy.0 = Release|x86
	EndGlobalSection
	GlobalSection(SolutionProperties) = preSolution
		HideSolutionNode = FALSE
	EndGlobalSection
EndGlobal
